// !$*UTF8*$!
{
	archiveVersion = 1;
	classes = {
	};
	objectVersion = 46;
	objects = {

/* Begin PBXBuildFile section */
		DAF09E341A7014BE007475E5 /* main.m in Sources */ = {isa = PBXBuildFile; fileRef = DAF09E331A7014BE007475E5 /* main.m */; };
		DAF09E371A7014BE007475E5 /* AppDelegate.m in Sources */ = {isa = PBXBuildFile; fileRef = DAF09E361A7014BE007475E5 /* AppDelegate.m */; };
		DAF09E3A1A7014BE007475E5 /* ViewController.m in Sources */ = {isa = PBXBuildFile; fileRef = DAF09E391A7014BE007475E5 /* ViewController.m */; };
		DAF09E3D1A7014BE007475E5 /* Main.storyboard in Resources */ = {isa = PBXBuildFile; fileRef = DAF09E3B1A7014BE007475E5 /* Main.storyboard */; };
		DAF09E3F1A7014BE007475E5 /* Images.xcassets in Resources */ = {isa = PBXBuildFile; fileRef = DAF09E3E1A7014BE007475E5 /* Images.xcassets */; };
		DAF09E421A7014BE007475E5 /* LaunchScreen.xib in Resources */ = {isa = PBXBuildFile; fileRef = DAF09E401A7014BE007475E5 /* LaunchScreen.xib */; };
		DAF09E4E1A7014BE007475E5 /* enumerationTests.m in Sources */ = {isa = PBXBuildFile; fileRef = DAF09E4D1A7014BE007475E5 /* enumerationTests.m */; };
/* End PBXBuildFile section */

/* Begin PBXContainerItemProxy section */
		DAF09E481A7014BE007475E5 /* PBXContainerItemProxy */ = {
			isa = PBXContainerItemProxy;
			containerPortal = DAF09E261A7014BE007475E5 /* Project object */;
			proxyType = 1;
			remoteGlobalIDString = DAF09E2D1A7014BE007475E5;
			remoteInfo = enumeration;
		};
/* End PBXContainerItemProxy section */

/* Begin PBXFileReference section */
		DAF09E2E1A7014BE007475E5 /* enumeration.app */ = {isa = PBXFileReference; explicitFileType = wrapper.application; includeInIndex = 0; path = enumeration.app; sourceTree = BUILT_PRODUCTS_DIR; };
		DAF09E321A7014BE007475E5 /* Info.plist */ = {isa = PBXFileReference; lastKnownFileType = text.plist.xml; path = Info.plist; sourceTree = "<group>"; };
		DAF09E331A7014BE007475E5 /* main.m */ = {isa = PBXFileReference; lastKnownFileType = sourcecode.c.objc; path = main.m; sourceTree = "<group>"; };
		DAF09E351A7014BE007475E5 /* AppDelegate.h */ = {isa = PBXFileReference; lastKnownFileType = sourcecode.c.h; path = AppDelegate.h; sourceTree = "<group>"; };
		DAF09E361A7014BE007475E5 /* AppDelegate.m */ = {isa = PBXFileReference; lastKnownFileType = sourcecode.c.objc; path = AppDelegate.m; sourceTree = "<group>"; };
		DAF09E381A7014BE007475E5 /* ViewController.h */ = {isa = PBXFileReference; lastKnownFileType = sourcecode.c.h; path = ViewController.h; sourceTree = "<group>"; };
		DAF09E391A7014BE007475E5 /* ViewController.m */ = {isa = PBXFileReference; lastKnownFileType = sourcecode.c.objc; path = ViewController.m; sourceTree = "<group>"; };
		DAF09E3C1A7014BE007475E5 /* Base */ = {isa = PBXFileReference; lastKnownFileType = file.storyboard; name = Base; path = Base.lproj/Main.storyboard; sourceTree = "<group>"; };
		DAF09E3E1A7014BE007475E5 /* Images.xcassets */ = {isa = PBXFileReference; lastKnownFileType = folder.assetcatalog; path = Images.xcassets; sourceTree = "<group>"; };
		DAF09E411A7014BE007475E5 /* Base */ = {isa = PBXFileReference; lastKnownFileType = file.xib; name = Base; path = Base.lproj/LaunchScreen.xib; sourceTree = "<group>"; };
		DAF09E471A7014BE007475E5 /* enumerationTests.xctest */ = {isa = PBXFileReference; explicitFileType = wrapper.cfbundle; includeInIndex = 0; path = enumerationTests.xctest; sourceTree = BUILT_PRODUCTS_DIR; };
		DAF09E4C1A7014BE007475E5 /* Info.plist */ = {isa = PBXFileReference; lastKnownFileType = text.plist.xml; path = Info.plist; sourceTree = "<group>"; };
		DAF09E4D1A7014BE007475E5 /* enumerationTests.m */ = {isa = PBXFileReference; lastKnownFileType = sourcecode.c.objc; path = enumerationTests.m; sourceTree = "<group>"; };
/* End PBXFileReference section */

/* Begin PBXFrameworksBuildPhase section */
		DAF09E2B1A7014BE007475E5 /* Frameworks */ = {
			isa = PBXFrameworksBuildPhase;
			buildActionMask = 2147483647;
			files = (
			);
			runOnlyForDeploymentPostprocessing = 0;
		};
		DAF09E441A7014BE007475E5 /* Frameworks */ = {
			isa = PBXFrameworksBuildPhase;
			buildActionMask = 2147483647;
			files = (
			);
			runOnlyForDeploymentPostprocessing = 0;
		};
/* End PBXFrameworksBuildPhase section */

/* Begin PBXGroup section */
		DAF09E251A7014BE007475E5 = {
			isa = PBXGroup;
			children = (
				DAF09E301A7014BE007475E5 /* enumeration */,
				DAF09E4A1A7014BE007475E5 /* enumerationTests */,
				DAF09E2F1A7014BE007475E5 /* Products */,
			);
			sourceTree = "<group>";
		};
		DAF09E2F1A7014BE007475E5 /* Products */ = {
			isa = PBXGroup;
			children = (
				DAF09E2E1A7014BE007475E5 /* enumeration.app */,
				DAF09E471A7014BE007475E5 /* enumerationTests.xctest */,
			);
			name = Products;
			sourceTree = "<group>";
		};
		DAF09E301A7014BE007475E5 /* enumeration */ = {
			isa = PBXGroup;
			children = (
				DAF09E351A7014BE007475E5 /* AppDelegate.h */,
				DAF09E361A7014BE007475E5 /* AppDelegate.m */,
				DAF09E381A7014BE007475E5 /* ViewController.h */,
				DAF09E391A7014BE007475E5 /* ViewController.m */,
				DAF09E3B1A7014BE007475E5 /* Main.storyboard */,
				DAF09E3E1A7014BE007475E5 /* Images.xcassets */,
				DAF09E401A7014BE007475E5 /* LaunchScreen.xib */,
				DAF09E311A7014BE007475E5 /* Supporting Files */,
			);
			path = enumeration;
			sourceTree = "<group>";
		};
		DAF09E311A7014BE007475E5 /* Supporting Files */ = {
			isa = PBXGroup;
			children = (
				DAF09E321A7014BE007475E5 /* Info.plist */,
				DAF09E331A7014BE007475E5 /* main.m */,
			);
			name = "Supporting Files";
			sourceTree = "<group>";
		};
		DAF09E4A1A7014BE007475E5 /* enumerationTests */ = {
			isa = PBXGroup;
			children = (
				DAF09E4D1A7014BE007475E5 /* enumerationTests.m */,
				DAF09E4B1A7014BE007475E5 /* Supporting Files */,
			);
			path = enumerationTests;
			sourceTree = "<group>";
		};
		DAF09E4B1A7014BE007475E5 /* Supporting Files */ = {
			isa = PBXGroup;
			children = (
				DAF09E4C1A7014BE007475E5 /* Info.plist */,
			);
			name = "Supporting Files";
			sourceTree = "<group>";
		};
/* End PBXGroup section */

/* Begin PBXNativeTarget section */
		DAF09E2D1A7014BE007475E5 /* enumeration */ = {
			isa = PBXNativeTarget;
			buildConfigurationList = DAF09E511A7014BE007475E5 /* Build configuration list for PBXNativeTarget "enumeration" */;
			buildPhases = (
				DAF09E2A1A7014BE007475E5 /* Sources */,
				DAF09E2B1A7014BE007475E5 /* Frameworks */,
				DAF09E2C1A7014BE007475E5 /* Resources */,
			);
			buildRules = (
			);
			dependencies = (
			);
			name = enumeration;
			productName = enumeration;
			productReference = DAF09E2E1A7014BE007475E5 /* enumeration.app */;
			productType = "com.apple.product-type.application";
		};
		DAF09E461A7014BE007475E5 /* enumerationTests */ = {
			isa = PBXNativeTarget;
			buildConfigurationList = DAF09E541A7014BE007475E5 /* Build configuration list for PBXNativeTarget "enumerationTests" */;
			buildPhases = (
				DAF09E431A7014BE007475E5 /* Sources */,
				DAF09E441A7014BE007475E5 /* Frameworks */,
				DAF09E451A7014BE007475E5 /* Resources */,
			);
			buildRules = (
			);
			dependencies = (
				DAF09E491A7014BE007475E5 /* PBXTargetDependency */,
			);
			name = enumerationTests;
			productName = enumerationTests;
			productReference = DAF09E471A7014BE007475E5 /* enumerationTests.xctest */;
			productType = "com.apple.product-type.bundle.unit-test";
		};
/* End PBXNativeTarget section */

/* Begin PBXProject section */
		DAF09E261A7014BE007475E5 /* Project object */ = {
			isa = PBXProject;
			attributes = {
				LastUpgradeCheck = 0610;
				ORGANIZATIONNAME = "Christian Menschel";
				TargetAttributes = {
					DAF09E2D1A7014BE007475E5 = {
						CreatedOnToolsVersion = 6.1.1;
					};
					DAF09E461A7014BE007475E5 = {
						CreatedOnToolsVersion = 6.1.1;
						TestTargetID = DAF09E2D1A7014BE007475E5;
					};
				};
			};
			buildConfigurationList = DAF09E291A7014BE007475E5 /* Build configuration list for PBXProject "enumeration" */;
			compatibilityVersion = "Xcode 3.2";
			developmentRegion = English;
			hasScannedForEncodings = 0;
			knownRegions = (
				en,
				Base,
			);
			mainGroup = DAF09E251A7014BE007475E5;
			productRefGroup = DAF09E2F1A7014BE007475E5 /* Products */;
			projectDirPath = "";
			projectRoot = "";
			targets = (
				DAF09E2D1A7014BE007475E5 /* enumeration */,
				DAF09E461A7014BE007475E5 /* enumerationTests */,
			);
		};
/* End PBXProject section */

/* Begin PBXResourcesBuildPhase section */
		DAF09E2C1A7014BE007475E5 /* Resources */ = {
			isa = PBXResourcesBuildPhase;
			buildActionMask = 2147483647;
			files = (
				DAF09E3D1A7014BE007475E5 /* Main.storyboard in Resources */,
				DAF09E421A7014BE007475E5 /* LaunchScreen.xib in Resources */,
				DAF09E3F1A7014BE007475E5 /* Images.xcassets in Resources */,
			);
			runOnlyForDeploymentPostprocessing = 0;
		};
		DAF09E451A7014BE007475E5 /* Resources */ = {
			isa = PBXResourcesBuildPhase;
			buildActionMask = 2147483647;
			files = (
			);
			runOnlyForDeploymentPostprocessing = 0;
		};
/* End PBXResourcesBuildPhase section */

/* Begin PBXSourcesBuildPhase section */
		DAF09E2A1A7014BE007475E5 /* Sources */ = {
			isa = PBXSourcesBuildPhase;
			buildActionMask = 2147483647;
			files = (
				DAF09E3A1A7014BE007475E5 /* ViewController.m in Sources */,
				DAF09E371A7014BE007475E5 /* AppDelegate.m in Sources */,
				DAF09E341A7014BE007475E5 /* main.m in Sources */,
			);
			runOnlyForDeploymentPostprocessing = 0;
		};
		DAF09E431A7014BE007475E5 /* Sources */ = {
			isa = PBXSourcesBuildPhase;
			buildActionMask = 2147483647;
			files = (
				DAF09E4E1A7014BE007475E5 /* enumerationTests.m in Sources */,
			);
			runOnlyForDeploymentPostprocessing = 0;
		};
/* End PBXSourcesBuildPhase section */

/* Begin PBXTargetDependency section */
		DAF09E491A7014BE007475E5 /* PBXTargetDependency */ = {
			isa = PBXTargetDependency;
			target = DAF09E2D1A7014BE007475E5 /* enumeration */;
			targetProxy = DAF09E481A7014BE007475E5 /* PBXContainerItemProxy */;
		};
/* End PBXTargetDependency section */

/* Begin PBXVariantGroup section */
		DAF09E3B1A7014BE007475E5 /* Main.storyboard */ = {
			isa = PBXVariantGroup;
			children = (
				DAF09E3C1A7014BE007475E5 /* Base */,
			);
			name = Main.storyboard;
			sourceTree = "<group>";
		};
		DAF09E401A7014BE007475E5 /* LaunchScreen.xib */ = {
			isa = PBXVariantGroup;
			children = (
				DAF09E411A7014BE007475E5 /* Base */,
			);
			name = LaunchScreen.xib;
			sourceTree = "<group>";
		};
/* End PBXVariantGroup section */

/* Begin XCBuildConfiguration section */
		DAF09E4F1A7014BE007475E5 /* Debug */ = {
			isa = XCBuildConfiguration;
			buildSettings = {
				ALWAYS_SEARCH_USER_PATHS = NO;
				CLANG_CXX_LANGUAGE_STANDARD = "gnu++0x";
				CLANG_CXX_LIBRARY = "libc++";
				CLANG_ENABLE_MODULES = YES;
				CLANG_ENABLE_OBJC_ARC = YES;
				CLANG_WARN_BOOL_CONVERSION = YES;
				CLANG_WARN_CONSTANT_CONVERSION = YES;
				CLANG_WARN_DIRECT_OBJC_ISA_USAGE = YES_ERROR;
				CLANG_WARN_EMPTY_BODY = YES;
				CLANG_WARN_ENUM_CONVERSION = YES;
				CLANG_WARN_INT_CONVERSION = YES;
				CLANG_WARN_OBJC_ROOT_CLASS = YES_ERROR;
				CLANG_WARN_UNREACHABLE_CODE = YES;
				CLANG_WARN__DUPLICATE_METHOD_MATCH = YES;
				"CODE_SIGN_IDENTITY[sdk=iphoneos*]" = "iPhone Developer";
				COPY_PHASE_STRIP = NO;
				ENABLE_STRICT_OBJC_MSGSEND = YES;
				GCC_C_LANGUAGE_STANDARD = gnu99;
				GCC_DYNAMIC_NO_PIC = NO;
				GCC_OPTIMIZATION_LEVEL = 0;
				GCC_PREPROCESSOR_DEFINITIONS = (
					"DEBUG=1",
					"$(inherited)",
				);
				GCC_SYMBOLS_PRIVATE_EXTERN = NO;
				GCC_WARN_64_TO_32_BIT_CONVERSION = YES;
				GCC_WARN_ABOUT_RETURN_TYPE = YES_ERROR;
				GCC_WARN_UNDECLARED_SELECTOR = YES;
				GCC_WARN_UNINITIALIZED_AUTOS = YES_AGGRESSIVE;
				GCC_WARN_UNUSED_FUNCTION = YES;
				GCC_WARN_UNUSED_VARIABLE = YES;
				IPHONEOS_DEPLOYMENT_TARGET = 8.1;
				MTL_ENABLE_DEBUG_INFO = YES;
				ONLY_ACTIVE_ARCH = YES;
				SDKROOT = iphoneos;
				TARGETED_DEVICE_FAMILY = "1,2";
			};
			name = Debug;
		};
		DAF09E501A7014BE007475E5 /* Release */ = {
			isa = XCBuildConfiguration;
			buildSettings = {
				ALWAYS_SEARCH_USER_PATHS = NO;
				CLANG_CXX_LANGUAGE_STANDARD = "gnu++0x";
				CLANG_CXX_LIBRARY = "libc++";
				CLANG_ENABLE_MODULES = YES;
				CLANG_ENABLE_OBJC_ARC = YES;
				CLANG_WARN_BOOL_CONVERSION = YES;
				CLANG_WARN_CONSTANT_CONVERSION = YES;
				CLANG_WARN_DIRECT_OBJC_ISA_USAGE = YES_ERROR;
				CLANG_WARN_EMPTY_BODY = YES;
				CLANG_WARN_ENUM_CONVERSION = YES;
				CLANG_WARN_INT_CONVERSION = YES;
				CLANG_WARN_OBJC_ROOT_CLASS = YES_ERROR;
				CLANG_WARN_UNREACHABLE_CODE = YES;
				CLANG_WARN__DUPLICATE_METHOD_MATCH = YES;
				"CODE_SIGN_IDENTITY[sdk=iphoneos*]" = "iPhone Developer";
				COPY_PHASE_STRIP = YES;
				ENABLE_NS_ASSERTIONS = NO;
				ENABLE_STRICT_OBJC_MSGSEND = YES;
				GCC_C_LANGUAGE_STANDARD = gnu99;
				GCC_WARN_64_TO_32_BIT_CONVERSION = YES;
				GCC_WARN_ABOUT_RETURN_TYPE = YES_ERROR;
				GCC_WARN_UNDECLARED_SELECTOR = YES;
				GCC_WARN_UNINITIALIZED_AUTOS = YES_AGGRESSIVE;
				GCC_WARN_UNUSED_FUNCTION = YES;
				GCC_WARN_UNUSED_VARIABLE = YES;
				IPHONEOS_DEPLOYMENT_TARGET = 8.1;
				MTL_ENABLE_DEBUG_INFO = NO;
				SDKROOT = iphoneos;
				TARGETED_DEVICE_FAMILY = "1,2";
				VALIDATE_PRODUCT = YES;
			};
			name = Release;
		};
		DAF09E521A7014BE007475E5 /* Debug */ = {
			isa = XCBuildConfiguration;
			buildSettings = {
				ASSETCATALOG_COMPILER_APPICON_NAME = AppIcon;
				INFOPLIST_FILE = enumeration/Info.plist;
				LD_RUNPATH_SEARCH_PATHS = "$(inherited) @executable_path/Frameworks";
				PRODUCT_NAME = "$(TARGET_NAME)";
			};
			name = Debug;
		};
		DAF09E531A7014BE007475E5 /* Release */ = {
			isa = XCBuildConfiguration;
			buildSettings = {
				ASSETCATALOG_COMPILER_APPICON_NAME = AppIcon;
				INFOPLIST_FILE = enumeration/Info.plist;
				LD_RUNPATH_SEARCH_PATHS = "$(inherited) @executable_path/Frameworks";
				PRODUCT_NAME = "$(TARGET_NAME)";
			};
			name = Release;
		};
		DAF09E551A7014BE007475E5 /* Debug */ = {
			isa = XCBuildConfiguration;
			buildSettings = {
				BUNDLE_LOADER = "$(TEST_HOST)";
				FRAMEWORK_SEARCH_PATHS = (
					"$(SDKROOT)/Developer/Library/Frameworks",
					"$(inherited)",
				);
				GCC_PREPROCESSOR_DEFINITIONS = (
					"DEBUG=1",
					"$(inherited)",
				);
				INFOPLIST_FILE = enumerationTests/Info.plist;
				LD_RUNPATH_SEARCH_PATHS = "$(inherited) @executable_path/Frameworks @loader_path/Frameworks";
				PRODUCT_NAME = "$(TARGET_NAME)";
				TEST_HOST = "$(BUILT_PRODUCTS_DIR)/enumeration.app/enumeration";
			};
			name = Debug;
		};
		DAF09E561A7014BE007475E5 /* Release */ = {
			isa = XCBuildConfiguration;
			buildSettings = {
				BUNDLE_LOADER = "$(TEST_HOST)";
				FRAMEWORK_SEARCH_PATHS = (
					"$(SDKROOT)/Developer/Library/Frameworks",
					"$(inherited)",
				);
				INFOPLIST_FILE = enumerationTests/Info.plist;
				LD_RUNPATH_SEARCH_PATHS = "$(inherited) @executable_path/Frameworks @loader_path/Frameworks";
				PRODUCT_NAME = "$(TARGET_NAME)";
				TEST_HOST = "$(BUILT_PRODUCTS_DIR)/enumeration.app/enumeration";
			};
			name = Release;
		};
/* End XCBuildConfiguration section */

/* Begin XCConfigurationList section */
		DAF09E291A7014BE007475E5 /* Build configuration list for PBXProject "enumeration" */ = {
			isa = XCConfigurationList;
			buildConfigurations = (
				DAF09E4F1A7014BE007475E5 /* Debug */,
				DAF09E501A7014BE007475E5 /* Release */,
			);
			defaultConfigurationIsVisible = 0;
			defaultConfigurationName = Release;
		};
		DAF09E511A7014BE007475E5 /* Build configuration list for PBXNativeTarget "enumeration" */ = {
			isa = XCConfigurationList;
			buildConfigurations = (
				DAF09E521A7014BE007475E5 /* Debug */,
				DAF09E531A7014BE007475E5 /* Release */,
			);
			defaultConfigurationIsVisible = 0;
			defaultConfigurationName = Release;
		};
		DAF09E541A7014BE007475E5 /* Build configuration list for PBXNativeTarget "enumerationTests" */ = {
			isa = XCConfigurationList;
			buildConfigurations = (
				DAF09E551A7014BE007475E5 /* Debug */,
				DAF09E561A7014BE007475E5 /* Release */,
			);
			defaultConfigurationIsVisible = 0;
			defaultConfigurationName = Release;
		};
/* End XCConfigurationList section */
	};
	rootObject = DAF09E261A7014BE007475E5 /* Project object */;
}
